
Microsoft Visual Studio Solution File, Format Version 12.00
# Visual Studio 15
VisualStudioVersion = 15.0.26430.6
MinimumVisualStudioVersion = 10.0.40219.1
Project("{FAE04EC0-301F-11D3-BF4B-00C04F79EFBC}") = "RetireYoung3.Android", "RetireYoung3\RetireYoung3.Android\RetireYoung3.Android.csproj", "{756763A0-B090-45B2-BB29-143E55AAF99D}"
EndProject
Project("{FAE04EC0-301F-11D3-BF4B-00C04F79EFBC}") = "RetireYoung3", "RetireYoung3\RetireYoung3\RetireYoung3.csproj", "{79513025-4500-4CA2-B79C-AEA0CF297C37}"
EndProject
Project("{FAE04EC0-301F-11D3-BF4B-00C04F79EFBC}") = "RetireYoung3.UWP", "RetireYoung3\RetireYoung3.UWP\RetireYoung3.UWP.csproj", "{C233099B-55F8-4070-927E-35F9DE581169}"
EndProject
Project("{FAE04EC0-301F-11D3-BF4B-00C04F79EFBC}") = "RetireYoung3.iOS", "RetireYoung3\RetireYoung3.iOS\RetireYoung3.iOS.csproj", "{D3D755E6-0C8B-480E-891C-9384CEF3770D}"
EndProject
Global
	GlobalSection(SolutionConfigurationPlatforms) = preSolution
		Ad-Hoc|Any CPU = Ad-Hoc|Any CPU
		Ad-Hoc|ARM = Ad-Hoc|ARM
		Ad-Hoc|iPhone = Ad-Hoc|iPhone
		Ad-Hoc|iPhoneSimulator = Ad-Hoc|iPhoneSimulator
		Ad-Hoc|x64 = Ad-Hoc|x64
		Ad-Hoc|x86 = Ad-Hoc|x86
		AppStore|Any CPU = AppStore|Any CPU
		AppStore|ARM = AppStore|ARM
		AppStore|iPhone = AppStore|iPhone
		AppStore|iPhoneSimulator = AppStore|iPhoneSimulator
		AppStore|x64 = AppStore|x64
		AppStore|x86 = AppStore|x86
		Debug|Any CPU = Debug|Any CPU
		Debug|ARM = Debug|ARM
		Debug|iPhone = Debug|iPhone
		Debug|iPhoneSimulator = Debug|iPhoneSimulator
		Debug|x64 = Debug|x64
		Debug|x86 = Debug|x86
		Release|Any CPU = Release|Any CPU
		Release|ARM = Release|ARM
		Release|iPhone = Release|iPhone
		Release|iPhoneSimulator = Release|iPhoneSimulator
		Release|x64 = Release|x64
		Release|x86 = Release|x86
	EndGlobalSection
	GlobalSection(ProjectConfigurationPlatforms) = postSolution
		{756763A0-B090-45B2-BB29-143E55AAF99D}.Ad-Hoc|Any CPU.ActiveCfg = Release|Any CPU
		{756763A0-B090-45B2-BB29-143E55AAF99D}.Ad-Hoc|Any CPU.Build.0 = Release|Any CPU
		{756763A0-B090-45B2-BB29-143E55AAF99D}.Ad-Hoc|Any CPU.Deploy.0 = Release|Any CPU
		{756763A0-B090-45B2-BB29-143E55AAF99D}.Ad-Hoc|ARM.ActiveCfg = Release|Any CPU
		{756763A0-B090-45B2-BB29-143E55AAF99D}.Ad-Hoc|ARM.Build.0 = Release|Any CPU
		{756763A0-B090-45B2-BB29-143E55AAF99D}.Ad-Hoc|ARM.Deploy.0 = Release|Any CPU
		{756763A0-B090-45B2-BB29-143E55AAF99D}.Ad-Hoc|iPhone.ActiveCfg = Release|Any CPU
		{756763A0-B090-45B2-BB29-143E55AAF99D}.Ad-Hoc|iPhone.Build.0 = Release|Any CPU
		{756763A0-B090-45B2-BB29-143E55AAF99D}.Ad-Hoc|iPhone.Deploy.0 = Release|Any CPU
		{756763A0-B090-45B2-BB29-143E55AAF99D}.Ad-Hoc|iPhoneSimulator.ActiveCfg = Release|Any CPU
		{756763A0-B090-45B2-BB29-143E55AAF99D}.Ad-Hoc|iPhoneSimulator.Build.0 = Release|Any CPU
		{756763A0-B090-45B2-BB29-143E55AAF99D}.Ad-Hoc|iPhoneSimulator.Deploy.0 = Release|Any CPU
		{756763A0-B090-45B2-BB29-143E55AAF99D}.Ad-Hoc|x64.ActiveCfg = Release|Any CPU
		{756763A0-B090-45B2-BB29-143E55AAF99D}.Ad-Hoc|x64.Build.0 = Release|Any CPU
		{756763A0-B090-45B2-BB29-143E55AAF99D}.Ad-Hoc|x64.Deploy.0 = Release|Any CPU
		{756763A0-B090-45B2-BB29-143E55AAF99D}.Ad-Hoc|x86.ActiveCfg = Release|Any CPU
		{756763A0-B090-45B2-BB29-143E55AAF99D}.Ad-Hoc|x86.Build.0 = Release|Any CPU
		{756763A0-B090-45B2-BB29-143E55AAF99D}.Ad-Hoc|x86.Deploy.0 = Release|Any CPU
		{756763A0-B090-45B2-BB29-143E55AAF99D}.AppStore|Any CPU.ActiveCfg = Release|Any CPU
		{756763A0-B090-45B2-BB29-143E55AAF99D}.AppStore|Any CPU.Build.0 = Release|Any CPU
		{756763A0-B090-45B2-BB29-143E55AAF99D}.AppStore|Any CPU.Deploy.0 = Release|Any CPU
		{756763A0-B090-45B2-BB29-143E55AAF99D}.AppStore|ARM.ActiveCfg = Release|Any CPU
		{756763A0-B090-45B2-BB29-143E55AAF99D}.AppStore|ARM.Build.0 = Release|Any CPU
		{756763A0-B090-45B2-BB29-143E55AAF99D}.AppStore|ARM.Deploy.0 = Release|Any CPU
		{756763A0-B090-45B2-BB29-143E55AAF99D}.AppStore|iPhone.ActiveCfg = Release|Any CPU
		{756763A0-B090-45B2-BB29-143E55AAF99D}.AppStore|iPhone.Build.0 = Release|Any CPU
		{756763A0-B090-45B2-BB29-143E55AAF99D}.AppStore|iPhone.Deploy.0 = Release|Any CPU
		{756763A0-B090-45B2-BB29-143E55AAF99D}.AppStore|iPhoneSimulator.ActiveCfg = Release|Any CPU
		{756763A0-B090-45B2-BB29-143E55AAF99D}.AppStore|iPhoneSimulator.Build.0 = Release|Any CPU
		{756763A0-B090-45B2-BB29-143E55AAF99D}.AppStore|iPhoneSimulator.Deploy.0 = Release|Any CPU
		{756763A0-B090-45B2-BB29-143E55AAF99D}.AppStore|x64.ActiveCfg = Release|Any CPU
		{756763A0-B090-45B2-BB29-143E55AAF99D}.AppStore|x64.Build.0 = Release|Any CPU
		{756763A0-B090-45B2-BB29-143E55AAF99D}.AppStore|x64.Deploy.0 = Release|Any CPU
		{756763A0-B090-45B2-BB29-143E55AAF99D}.AppStore|x86.ActiveCfg = Release|Any CPU
		{756763A0-B090-45B2-BB29-143E55AAF99D}.AppStore|x86.Build.0 = Release|Any CPU
		{756763A0-B090-45B2-BB29-143E55AAF99D}.AppStore|x86.Deploy.0 = Release|Any CPU
		{756763A0-B090-45B2-BB29-143E55AAF99D}.Debug|Any CPU.ActiveCfg = Debug|Any CPU
		{756763A0-B090-45B2-BB29-143E55AAF99D}.Debug|Any CPU.Build.0 = Debug|Any CPU
		{756763A0-B090-45B2-BB29-143E55AAF99D}.Debug|Any CPU.Deploy.0 = Debug|Any CPU
		{756763A0-B090-45B2-BB29-143E55AAF99D}.Debug|ARM.ActiveCfg = Debug|Any CPU
		{756763A0-B090-45B2-BB29-143E55AAF99D}.Debug|ARM.Build.0 = Debug|Any CPU
		{756763A0-B090-45B2-BB29-143E55AAF99D}.Debug|ARM.Deploy.0 = Debug|Any CPU
		{756763A0-B090-45B2-BB29-143E55AAF99D}.Debug|iPhone.ActiveCfg = Debug|Any CPU
		{756763A0-B090-45B2-BB29-143E55AAF99D}.Debug|iPhone.Build.0 = Debug|Any CPU
		{756763A0-B090-45B2-BB29-143E55AAF99D}.Debug|iPhone.Deploy.0 = Debug|Any CPU
		{756763A0-B090-45B2-BB29-143E55AAF99D}.Debug|iPhoneSimulator.ActiveCfg = Debug|Any CPU
		{756763A0-B090-45B2-BB29-143E55AAF99D}.Debug|iPhoneSimulator.Build.0 = Debug|Any CPU
		{756763A0-B090-45B2-BB29-143E55AAF99D}.Debug|iPhoneSimulator.Deploy.0 = Debug|Any CPU
		{756763A0-B090-45B2-BB29-143E55AAF99D}.Debug|x64.ActiveCfg = Debug|Any CPU
		{756763A0-B090-45B2-BB29-143E55AAF99D}.Debug|x64.Build.0 = Debug|Any CPU
		{756763A0-B090-45B2-BB29-143E55AAF99D}.Debug|x64.Deploy.0 = Debug|Any CPU
		{756763A0-B090-45B2-BB29-143E55AAF99D}.Debug|x86.ActiveCfg = Debug|Any CPU
		{756763A0-B090-45B2-BB29-143E55AAF99D}.Debug|x86.Build.0 = Debug|Any CPU
		{756763A0-B090-45B2-BB29-143E55AAF99D}.Debug|x86.Deploy.0 = Debug|Any CPU
		{756763A0-B090-45B2-BB29-143E55AAF99D}.Release|Any CPU.ActiveCfg = Release|Any CPU
		{756763A0-B090-45B2-BB29-143E55AAF99D}.Release|Any CPU.Build.0 = Release|Any CPU
		{756763A0-B090-45B2-BB29-143E55AAF99D}.Release|Any CPU.Deploy.0 = Release|Any CPU
		{756763A0-B090-45B2-BB29-143E55AAF99D}.Release|ARM.ActiveCfg = Release|Any CPU
		{756763A0-B090-45B2-BB29-143E55AAF99D}.Release|ARM.Build.0 = Release|Any CPU
		{756763A0-B090-45B2-BB29-143E55AAF99D}.Release|ARM.Deploy.0 = Release|Any CPU
		{756763A0-B090-45B2-BB29-143E55AAF99D}.Release|iPhone.ActiveCfg = Release|Any CPU
		{756763A0-B090-45B2-BB29-143E55AAF99D}.Release|iPhone.Build.0 = Release|Any CPU
		{756763A0-B090-45B2-BB29-143E55AAF99D}.Release|iPhone.Deploy.0 = Release|Any CPU
		{756763A0-B090-45B2-BB29-143E55AAF99D}.Release|iPhoneSimulator.ActiveCfg = Release|Any CPU
		{756763A0-B090-45B2-BB29-143E55AAF99D}.Release|iPhoneSimulator.Build.0 = Release|Any CPU
		{756763A0-B090-45B2-BB29-143E55AAF99D}.Release|iPhoneSimulator.Deploy.0 = Release|Any CPU
		{756763A0-B090-45B2-BB29-143E55AAF99D}.Release|x64.ActiveCfg = Release|Any CPU
		{756763A0-B090-45B2-BB29-143E55AAF99D}.Release|x64.Build.0 = Release|Any CPU
		{756763A0-B090-45B2-BB29-143E55AAF99D}.Release|x64.Deploy.0 = Release|Any CPU
		{756763A0-B090-45B2-BB29-143E55AAF99D}.Release|x86.ActiveCfg = Release|Any CPU
		{756763A0-B090-45B2-BB29-143E55AAF99D}.Release|x86.Build.0 = Release|Any CPU
		{756763A0-B090-45B2-BB29-143E55AAF99D}.Release|x86.Deploy.0 = Release|Any CPU
		{79513025-4500-4CA2-B79C-AEA0CF297C37}.Ad-Hoc|Any CPU.ActiveCfg = Release|Any CPU
		{79513025-4500-4CA2-B79C-AEA0CF297C37}.Ad-Hoc|Any CPU.Build.0 = Release|Any CPU
		{79513025-4500-4CA2-B79C-AEA0CF297C37}.Ad-Hoc|ARM.ActiveCfg = Release|Any CPU
		{79513025-4500-4CA2-B79C-AEA0CF297C37}.Ad-Hoc|ARM.Build.0 = Release|Any CPU
		{79513025-4500-4CA2-B79C-AEA0CF297C37}.Ad-Hoc|iPhone.ActiveCfg = Release|Any CPU
		{79513025-4500-4CA2-B79C-AEA0CF297C37}.Ad-Hoc|iPhone.Build.0 = Release|Any CPU
		{79513025-4500-4CA2-B79C-AEA0CF297C37}.Ad-Hoc|iPhoneSimulator.ActiveCfg = Release|Any CPU
		{79513025-4500-4CA2-B79C-AEA0CF297C37}.Ad-Hoc|iPhoneSimulator.Build.0 = Release|Any CPU
		{79513025-4500-4CA2-B79C-AEA0CF297C37}.Ad-Hoc|x64.ActiveCfg = Release|Any CPU
		{79513025-4500-4CA2-B79C-AEA0CF297C37}.Ad-Hoc|x64.Build.0 = Release|Any CPU
		{79513025-4500-4CA2-B79C-AEA0CF297C37}.Ad-Hoc|x86.ActiveCfg = Release|Any CPU
		{79513025-4500-4CA2-B79C-AEA0CF297C37}.Ad-Hoc|x86.Build.0 = Release|Any CPU
		{79513025-4500-4CA2-B79C-AEA0CF297C37}.AppStore|Any CPU.ActiveCfg = Release|Any CPU
		{79513025-4500-4CA2-B79C-AEA0CF297C37}.AppStore|Any CPU.Build.0 = Release|Any CPU
		{79513025-4500-4CA2-B79C-AEA0CF297C37}.AppStore|ARM.ActiveCfg = Release|Any CPU
		{79513025-4500-4CA2-B79C-AEA0CF297C37}.AppStore|ARM.Build.0 = Release|Any CPU
		{79513025-4500-4CA2-B79C-AEA0CF297C37}.AppStore|iPhone.ActiveCfg = Release|Any CPU
		{79513025-4500-4CA2-B79C-AEA0CF297C37}.AppStore|iPhone.Build.0 = Release|Any CPU
		{79513025-4500-4CA2-B79C-AEA0CF297C37}.AppStore|iPhoneSimulator.ActiveCfg = Release|Any CPU
		{79513025-4500-4CA2-B79C-AEA0CF297C37}.AppStore|iPhoneSimulator.Build.0 = Release|Any CPU
		{79513025-4500-4CA2-B79C-AEA0CF297C37}.AppStore|x64.ActiveCfg = Release|Any CPU
		{79513025-4500-4CA2-B79C-AEA0CF297C37}.AppStore|x64.Build.0 = Release|Any CPU
		{79513025-4500-4CA2-B79C-AEA0CF297C37}.AppStore|x86.ActiveCfg = Release|Any CPU
		{79513025-4500-4CA2-B79C-AEA0CF297C37}.AppStore|x86.Build.0 = Release|Any CPU
		{79513025-4500-4CA2-B79C-AEA0CF297C37}.Debug|Any CPU.ActiveCfg = Debug|Any CPU
		{79513025-4500-4CA2-B79C-AEA0CF297C37}.Debug|Any CPU.Build.0 = Debug|Any CPU
		{79513025-4500-4CA2-B79C-AEA0CF297C37}.Debug|ARM.ActiveCfg = Debug|Any CPU
		{79513025-4500-4CA2-B79C-AEA0CF297C37}.Debug|ARM.Build.0 = Debug|Any CPU
		{79513025-4500-4CA2-B79C-AEA0CF297C37}.Debug|iPhone.ActiveCfg = Debug|Any CPU
		{79513025-4500-4CA2-B79C-AEA0CF297C37}.Debug|iPhone.Build.0 = Debug|Any CPU
		{79513025-4500-4CA2-B79C-AEA0CF297C37}.Debug|iPhoneSimulator.ActiveCfg = Debug|Any CPU
		{79513025-4500-4CA2-B79C-AEA0CF297C37}.Debug|iPhoneSimulator.Build.0 = Debug|Any CPU
		{79513025-4500-4CA2-B79C-AEA0CF297C37}.Debug|x64.ActiveCfg = Debug|Any CPU
		{79513025-4500-4CA2-B79C-AEA0CF297C37}.Debug|x64.Build.0 = Debug|Any CPU
		{79513025-4500-4CA2-B79C-AEA0CF297C37}.Debug|x86.ActiveCfg = Debug|Any CPU
		{79513025-4500-4CA2-B79C-AEA0CF297C37}.Debug|x86.Build.0 = Debug|Any CPU
		{79513025-4500-4CA2-B79C-AEA0CF297C37}.Release|Any CPU.ActiveCfg = Release|Any CPU
		{79513025-4500-4CA2-B79C-AEA0CF297C37}.Release|Any CPU.Build.0 = Release|Any CPU
		{79513025-4500-4CA2-B79C-AEA0CF297C37}.Release|ARM.ActiveCfg = Release|Any CPU
		{79513025-4500-4CA2-B79C-AEA0CF297C37}.Release|ARM.Build.0 = Release|Any CPU
		{79513025-4500-4CA2-B79C-AEA0CF297C37}.Release|iPhone.ActiveCfg = Release|Any CPU
		{79513025-4500-4CA2-B79C-AEA0CF297C37}.Release|iPhone.Build.0 = Release|Any CPU
		{79513025-4500-4CA2-B79C-AEA0CF297C37}.Release|iPhoneSimulator.ActiveCfg = Release|Any CPU
		{79513025-4500-4CA2-B79C-AEA0CF297C37}.Release|iPhoneSimulator.Build.0 = Release|Any CPU
		{79513025-4500-4CA2-B79C-AEA0CF297C37}.Release|x64.ActiveCfg = Release|Any CPU
		{79513025-4500-4CA2-B79C-AEA0CF297C37}.Release|x64.Build.0 = Release|Any CPU
		{79513025-4500-4CA2-B79C-AEA0CF297C37}.Release|x86.ActiveCfg = Release|Any CPU
		{79513025-4500-4CA2-B79C-AEA0CF297C37}.Release|x86.Build.0 = Release|Any CPU
		{C233099B-55F8-4070-927E-35F9DE581169}.Ad-Hoc|Any CPU.ActiveCfg = Release|x86
		{C233099B-55F8-4070-927E-35F9DE581169}.Ad-Hoc|Any CPU.Build.0 = Release|x86
		{C233099B-55F8-4070-927E-35F9DE581169}.Ad-Hoc|Any CPU.Deploy.0 = Release|x86
		{C233099B-55F8-4070-927E-35F9DE581169}.Ad-Hoc|ARM.ActiveCfg = Release|ARM
		{C233099B-55F8-4070-927E-35F9DE581169}.Ad-Hoc|ARM.Build.0 = Release|ARM
		{C233099B-55F8-4070-927E-35F9DE581169}.Ad-Hoc|ARM.Deploy.0 = Release|ARM
		{C233099B-55F8-4070-927E-35F9DE581169}.Ad-Hoc|iPhone.ActiveCfg = Release|x86
		{C233099B-55F8-4070-927E-35F9DE581169}.Ad-Hoc|iPhone.Build.0 = Release|x86
		{C233099B-55F8-4070-927E-35F9DE581169}.Ad-Hoc|iPhone.Deploy.0 = Release|x86
		{C233099B-55F8-4070-927E-35F9DE581169}.Ad-Hoc|iPhoneSimulator.ActiveCfg = Release|x86
		{C233099B-55F8-4070-927E-35F9DE581169}.Ad-Hoc|iPhoneSimulator.Build.0 = Release|x86
		{C233099B-55F8-4070-927E-35F9DE581169}.Ad-Hoc|iPhoneSimulator.Deploy.0 = Release|x86
		{C233099B-55F8-4070-927E-35F9DE581169}.Ad-Hoc|x64.ActiveCfg = Release|x64
		{C233099B-55F8-4070-927E-35F9DE581169}.Ad-Hoc|x64.Build.0 = Release|x64
		{C233099B-55F8-4070-927E-35F9DE581169}.Ad-Hoc|x64.Deploy.0 = Release|x64
		{C233099B-55F8-4070-927E-35F9DE581169}.Ad-Hoc|x86.ActiveCfg = Release|x86
		{C233099B-55F8-4070-927E-35F9DE581169}.Ad-Hoc|x86.Build.0 = Release|x86
		{C233099B-55F8-4070-927E-35F9DE581169}.Ad-Hoc|x86.Deploy.0 = Release|x86
		{C233099B-55F8-4070-927E-35F9DE581169}.AppStore|Any CPU.ActiveCfg = Release|x86
		{C233099B-55F8-4070-927E-35F9DE581169}.AppStore|Any CPU.Build.0 = Release|x86
		{C233099B-55F8-4070-927E-35F9DE581169}.AppStore|Any CPU.Deploy.0 = Release|x86
		{C233099B-55F8-4070-927E-35F9DE581169}.AppStore|ARM.ActiveCfg = Release|ARM
		{C233099B-55F8-4070-927E-35F9DE581169}.AppStore|ARM.Build.0 = Release|ARM
		{C233099B-55F8-4070-927E-35F9DE581169}.AppStore|ARM.Deploy.0 = Release|ARM
		{C233099B-55F8-4070-927E-35F9DE581169}.AppStore|iPhone.ActiveCfg = Release|x86
		{C233099B-55F8-4070-927E-35F9DE581169}.AppStore|iPhone.Build.0 = Release|x86
		{C233099B-55F8-4070-927E-35F9DE581169}.AppStore|iPhone.Deploy.0 = Release|x86
		{C233099B-55F8-4070-927E-35F9DE581169}.AppStore|iPhoneSimulator.ActiveCfg = Release|x86
		{C233099B-55F8-4070-927E-35F9DE581169}.AppStore|iPhoneSimulator.Build.0 = Release|x86
		{C233099B-55F8-4070-927E-35F9DE581169}.AppStore|iPhoneSimulator.Deploy.0 = Release|x86
		{C233099B-55F8-4070-927E-35F9DE581169}.AppStore|x64.ActiveCfg = Release|x64
		{C233099B-55F8-4070-927E-35F9DE581169}.AppStore|x64.Build.0 = Release|x64
		{C233099B-55F8-4070-927E-35F9DE581169}.AppStore|x64.Deploy.0 = Release|x64
		{C233099B-55F8-4070-927E-35F9DE581169}.AppStore|x86.ActiveCfg = Release|x86
		{C233099B-55F8-4070-927E-35F9DE581169}.AppStore|x86.Build.0 = Release|x86
		{C233099B-55F8-4070-927E-35F9DE581169}.AppStore|x86.Deploy.0 = Release|x86
		{C233099B-55F8-4070-927E-35F9DE581169}.Debug|Any CPU.ActiveCfg = Debug|x86
		{C233099B-55F8-4070-927E-35F9DE581169}.Debug|ARM.ActiveCfg = Debug|ARM
		{C233099B-55F8-4070-927E-35F9DE581169}.Debug|ARM.Build.0 = Debug|ARM
		{C233099B-55F8-4070-927E-35F9DE581169}.Debug|ARM.Deploy.0 = Debug|ARM
		{C233099B-55F8-4070-927E-35F9DE581169}.Debug|iPhone.ActiveCfg = Debug|x86
		{C233099B-55F8-4070-927E-35F9DE581169}.Debug|iPhoneSimulator.ActiveCfg = Debug|x86
		{C233099B-55F8-4070-927E-35F9DE581169}.Debug|x64.ActiveCfg = Debug|x64
		{C233099B-55F8-4070-927E-35F9DE581169}.Debug|x64.Build.0 = Debug|x64
		{C233099B-55F8-4070-927E-35F9DE581169}.Debug|x64.Deploy.0 = Debug|x64
		{C233099B-55F8-4070-927E-35F9DE581169}.Debug|x86.ActiveCfg = Debug|x86
		{C233099B-55F8-4070-927E-35F9DE581169}.Debug|x86.Build.0 = Debug|x86
		{C233099B-55F8-4070-927E-35F9DE581169}.Debug|x86.Deploy.0 = Debug|x86
		{C233099B-55F8-4070-927E-35F9DE581169}.Release|Any CPU.ActiveCfg = Release|x86
		{C233099B-55F8-4070-927E-35F9DE581169}.Release|ARM.ActiveCfg = Release|ARM
		{C233099B-55F8-4070-927E-35F9DE581169}.Release|ARM.Build.0 = Release|ARM
		{C233099B-55F8-4070-927E-35F9DE581169}.Release|ARM.Deploy.0 = Release|ARM
		{C233099B-55F8-4070-927E-35F9DE581169}.Release|iPhone.ActiveCfg = Release|x86
		{C233099B-55F8-4070-927E-35F9DE581169}.Release|iPhoneSimulator.ActiveCfg = Release|x86
		{C233099B-55F8-4070-927E-35F9DE581169}.Release|x64.ActiveCfg = Release|x64
		{C233099B-55F8-4070-927E-35F9DE581169}.Release|x64.Build.0 = Release|x64
		{C233099B-55F8-4070-927E-35F9DE581169}.Release|x64.Deploy.0 = Release|x64
		{C233099B-55F8-4070-927E-35F9DE581169}.Release|x86.ActiveCfg = Release|x86
		{C233099B-55F8-4070-927E-35F9DE581169}.Release|x86.Build.0 = Release|x86
		{C233099B-55F8-4070-927E-35F9DE581169}.Release|x86.Deploy.0 = Release|x86
		{D3D755E6-0C8B-480E-891C-9384CEF3770D}.Ad-Hoc|Any CPU.ActiveCfg = Ad-Hoc|iPhone
		{D3D755E6-0C8B-480E-891C-9384CEF3770D}.Ad-Hoc|ARM.ActiveCfg = Ad-Hoc|iPhone
		{D3D755E6-0C8B-480E-891C-9384CEF3770D}.Ad-Hoc|iPhone.ActiveCfg = Ad-Hoc|iPhone
		{D3D755E6-0C8B-480E-891C-9384CEF3770D}.Ad-Hoc|iPhone.Build.0 = Ad-Hoc|iPhone
		{D3D755E6-0C8B-480E-891C-9384CEF3770D}.Ad-Hoc|iPhoneSimulator.ActiveCfg = Ad-Hoc|iPhoneSimulator
		{D3D755E6-0C8B-480E-891C-9384CEF3770D}.Ad-Hoc|iPhoneSimulator.Build.0 = Ad-Hoc|iPhoneSimulator
		{D3D755E6-0C8B-480E-891C-9384CEF3770D}.Ad-Hoc|x64.ActiveCfg = Ad-Hoc|iPhone
		{D3D755E6-0C8B-480E-891C-9384CEF3770D}.Ad-Hoc|x86.ActiveCfg = Ad-Hoc|iPhone
		{D3D755E6-0C8B-480E-891C-9384CEF3770D}.AppStore|Any CPU.ActiveCfg = AppStore|iPhone
		{D3D755E6-0C8B-480E-891C-9384CEF3770D}.AppStore|ARM.ActiveCfg = AppStore|iPhone
		{D3D755E6-0C8B-480E-891C-9384CEF3770D}.AppStore|iPhone.ActiveCfg = AppStore|iPhone
		{D3D755E6-0C8B-480E-891C-9384CEF3770D}.AppStore|iPhone.Build.0 = AppStore|iPhone
		{D3D755E6-0C8B-480E-891C-9384CEF3770D}.AppStore|iPhoneSimulator.ActiveCfg = AppStore|iPhoneSimulator
		{D3D755E6-0C8B-480E-891C-9384CEF3770D}.AppStore|iPhoneSimulator.Build.0 = AppStore|iPhoneSimulator
		{D3D755E6-0C8B-480E-891C-9384CEF3770D}.AppStore|x64.ActiveCfg = AppStore|iPhone
		{D3D755E6-0C8B-480E-891C-9384CEF3770D}.AppStore|x86.ActiveCfg = AppStore|iPhone
		{D3D755E6-0C8B-480E-891C-9384CEF3770D}.Debug|Any CPU.ActiveCfg = Debug|iPhone
		{D3D755E6-0C8B-480E-891C-9384CEF3770D}.Debug|ARM.ActiveCfg = Debug|iPhone
		{D3D755E6-0C8B-480E-891C-9384CEF3770D}.Debug|iPhone.ActiveCfg = Debug|iPhone
		{D3D755E6-0C8B-480E-891C-9384CEF3770D}.Debug|iPhone.Build.0 = Debug|iPhone
		{D3D755E6-0C8B-480E-891C-9384CEF3770D}.Debug|iPhoneSimulator.ActiveCfg = Debug|iPhoneSimulator
		{D3D755E6-0C8B-480E-891C-9384CEF3770D}.Debug|iPhoneSimulator.Build.0 = Debug|iPhoneSimulator
		{D3D755E6-0C8B-480E-891C-9384CEF3770D}.Debug|iPhoneSimulator.Deploy.0 = Debug|iPhoneSimulator
		{D3D755E6-0C8B-480E-891C-9384CEF3770D}.Debug|x64.ActiveCfg = Debug|iPhone
		{D3D755E6-0C8B-480E-891C-9384CEF3770D}.Debug|x86.ActiveCfg = Debug|iPhone
		{D3D755E6-0C8B-480E-891C-9384CEF3770D}.Release|Any CPU.ActiveCfg = Release|iPhone
		{D3D755E6-0C8B-480E-891C-9384CEF3770D}.Release|ARM.ActiveCfg = Release|iPhone
		{D3D755E6-0C8B-480E-891C-9384CEF3770D}.Release|iPhone.ActiveCfg = Release|iPhone
		{D3D755E6-0C8B-480E-891C-9384CEF3770D}.Release|iPhone.Build.0 = Release|iPhone
		{D3D755E6-0C8B-480E-891C-9384CEF3770D}.Release|iPhone.Deploy.0 = Release|iPhone
		{D3D755E6-0C8B-480E-891C-9384CEF3770D}.Release|iPhoneSimulator.ActiveCfg = Release|iPhoneSimulator
		{D3D755E6-0C8B-480E-891C-9384CEF3770D}.Release|iPhoneSimulator.Build.0 = Release|iPhoneSimulator
		{D3D755E6-0C8B-480E-891C-9384CEF3770D}.Release|x64.ActiveCfg = Release|iPhone
		{D3D755E6-0C8B-480E-891C-9384CEF3770D}.Release|x86.ActiveCfg = Release|iPhone
	EndGlobalSection
	GlobalSection(SolutionProperties) = preSolution
		HideSolutionNode = FALSE
	EndGlobalSection
EndGlobal
